
Microsoft Visual Studio Solution File, Format Version 12.00
# Visual Studio Version 16
VisualStudioVersion = 16.0.31205.134
MinimumVisualStudioVersion = 10.0.40219.1
Project("{8BC9CEB8-8B4A-11D0-8D11-00A0C91BC942}") = "字符逆序", "字符逆序.vcxproj", "{B088C0C2-18AB-4CBA-9E3E-EAF8638C5C27}"
EndProject
Global
	GlobalSection(SolutionConfigurationPlatforms) = preSolution
		Debug|x64 = Debug|x64
		Debug|x86 = Debug|x86
		Release|x64 = Release|x64
		Release|x86 = Release|x86
	EndGlobalSection
	GlobalSection(ProjectConfigurationPlatforms) = postSolution
		{B088C0C2-18AB-4CBA-9E3E-EAF8638C5C27}.Debug|x64.ActiveCfg = Debug|x64
		{B088C0C2-18AB-4CBA-9E3E-EAF8638C5C27}.Debug|x64.Build.0 = Debug|x64
		{B088C0C2-18AB-4CBA-9E3E-EAF8638C5C27}.Debug|x86.ActiveCfg = Debug|Win32
		{B088C0C2-18AB-4CBA-9E3E-EAF8638C5C27}.Debug|x86.Build.0 = Debug|Win32
		{B088C0C2-18AB-4CBA-9E3E-EAF8638C5C27}.Release|x64.ActiveCfg = Release|x64
		{B088C0C2-18AB-4CBA-9E3E-EAF8638C5C27}.Release|x64.Build.0 = Release|x64
		{B088C0C2-18AB-4CBA-9E3E-EAF8638C5C27}.Release|x86.ActiveCfg = Release|Win32
		{B088C0C2-18AB-4CBA-9E3E-EAF8638C5C27}.Release|x86.Build.0 = Release|Win32
	EndGlobalSection
	GlobalSection(SolutionProperties) = preSolution
		HideSolutionNode = FALSE
	EndGlobalSection
	GlobalSection(ExtensibilityGlobals) = postSolution
		SolutionGuid = {9973E768-8A4C-4E79-B2BD-9322C1EF0341}
	EndGlobalSection
EndGlobal
