
Microsoft Visual Studio Solution File, Format Version 12.00
# Visual Studio Version 16
VisualStudioVersion = 16.0.31205.134
MinimumVisualStudioVersion = 10.0.40219.1
Project("{8BC9CEB8-8B4A-11D0-8D11-00A0C91BC942}") = "编写函数在数组中查找数字", "编写函数在数组中查找数字.vcxproj", "{FFE66FC8-FAEE-4D5A-B2D9-39C689CF6E8E}"
EndProject
Global
	GlobalSection(SolutionConfigurationPlatforms) = preSolution
		Debug|x64 = Debug|x64
		Debug|x86 = Debug|x86
		Release|x64 = Release|x64
		Release|x86 = Release|x86
	EndGlobalSection
	GlobalSection(ProjectConfigurationPlatforms) = postSolution
		{FFE66FC8-FAEE-4D5A-B2D9-39C689CF6E8E}.Debug|x64.ActiveCfg = Debug|x64
		{FFE66FC8-FAEE-4D5A-B2D9-39C689CF6E8E}.Debug|x64.Build.0 = Debug|x64
		{FFE66FC8-FAEE-4D5A-B2D9-39C689CF6E8E}.Debug|x86.ActiveCfg = Debug|Win32
		{FFE66FC8-FAEE-4D5A-B2D9-39C689CF6E8E}.Debug|x86.Build.0 = Debug|Win32
		{FFE66FC8-FAEE-4D5A-B2D9-39C689CF6E8E}.Release|x64.ActiveCfg = Release|x64
		{FFE66FC8-FAEE-4D5A-B2D9-39C689CF6E8E}.Release|x64.Build.0 = Release|x64
		{FFE66FC8-FAEE-4D5A-B2D9-39C689CF6E8E}.Release|x86.ActiveCfg = Release|Win32
		{FFE66FC8-FAEE-4D5A-B2D9-39C689CF6E8E}.Release|x86.Build.0 = Release|Win32
	EndGlobalSection
	GlobalSection(SolutionProperties) = preSolution
		HideSolutionNode = FALSE
	EndGlobalSection
	GlobalSection(ExtensibilityGlobals) = postSolution
		SolutionGuid = {20838949-FD39-4D3A-B9EE-D4151CE9CB36}
	EndGlobalSection
EndGlobal
