
Microsoft Visual Studio Solution File, Format Version 12.00
# Visual Studio Version 16
VisualStudioVersion = 16.0.31205.134
MinimumVisualStudioVersion = 10.0.40219.1
Project("{8BC9CEB8-8B4A-11D0-8D11-00A0C91BC942}") = "交错序列", "交错序列.vcxproj", "{FE857DB2-8D64-4DDF-8000-F25A2ABF868A}"
EndProject
Global
	GlobalSection(SolutionConfigurationPlatforms) = preSolution
		Debug|x64 = Debug|x64
		Debug|x86 = Debug|x86
		Release|x64 = Release|x64
		Release|x86 = Release|x86
	EndGlobalSection
	GlobalSection(ProjectConfigurationPlatforms) = postSolution
		{FE857DB2-8D64-4DDF-8000-F25A2ABF868A}.Debug|x64.ActiveCfg = Debug|x64
		{FE857DB2-8D64-4DDF-8000-F25A2ABF868A}.Debug|x64.Build.0 = Debug|x64
		{FE857DB2-8D64-4DDF-8000-F25A2ABF868A}.Debug|x86.ActiveCfg = Debug|Win32
		{FE857DB2-8D64-4DDF-8000-F25A2ABF868A}.Debug|x86.Build.0 = Debug|Win32
		{FE857DB2-8D64-4DDF-8000-F25A2ABF868A}.Release|x64.ActiveCfg = Release|x64
		{FE857DB2-8D64-4DDF-8000-F25A2ABF868A}.Release|x64.Build.0 = Release|x64
		{FE857DB2-8D64-4DDF-8000-F25A2ABF868A}.Release|x86.ActiveCfg = Release|Win32
		{FE857DB2-8D64-4DDF-8000-F25A2ABF868A}.Release|x86.Build.0 = Release|Win32
	EndGlobalSection
	GlobalSection(SolutionProperties) = preSolution
		HideSolutionNode = FALSE
	EndGlobalSection
	GlobalSection(ExtensibilityGlobals) = postSolution
		SolutionGuid = {1F3D42F8-20A6-4A86-A848-21232D3A1657}
	EndGlobalSection
EndGlobal
