
Microsoft Visual Studio Solution File, Format Version 12.00
# Visual Studio Version 16
VisualStudioVersion = 16.0.31205.134
MinimumVisualStudioVersion = 10.0.40219.1
Project("{8BC9CEB8-8B4A-11D0-8D11-00A0C91BC942}") = "蛇形矩阵", "蛇形矩阵.vcxproj", "{B46ED530-112E-4CA1-9A93-724E66E14CB7}"
EndProject
Global
	GlobalSection(SolutionConfigurationPlatforms) = preSolution
		Debug|x64 = Debug|x64
		Debug|x86 = Debug|x86
		Release|x64 = Release|x64
		Release|x86 = Release|x86
	EndGlobalSection
	GlobalSection(ProjectConfigurationPlatforms) = postSolution
		{B46ED530-112E-4CA1-9A93-724E66E14CB7}.Debug|x64.ActiveCfg = Debug|x64
		{B46ED530-112E-4CA1-9A93-724E66E14CB7}.Debug|x64.Build.0 = Debug|x64
		{B46ED530-112E-4CA1-9A93-724E66E14CB7}.Debug|x86.ActiveCfg = Debug|Win32
		{B46ED530-112E-4CA1-9A93-724E66E14CB7}.Debug|x86.Build.0 = Debug|Win32
		{B46ED530-112E-4CA1-9A93-724E66E14CB7}.Release|x64.ActiveCfg = Release|x64
		{B46ED530-112E-4CA1-9A93-724E66E14CB7}.Release|x64.Build.0 = Release|x64
		{B46ED530-112E-4CA1-9A93-724E66E14CB7}.Release|x86.ActiveCfg = Release|Win32
		{B46ED530-112E-4CA1-9A93-724E66E14CB7}.Release|x86.Build.0 = Release|Win32
	EndGlobalSection
	GlobalSection(SolutionProperties) = preSolution
		HideSolutionNode = FALSE
	EndGlobalSection
	GlobalSection(ExtensibilityGlobals) = postSolution
		SolutionGuid = {E1F3C420-309C-4A47-AE2E-65D7F6F56963}
	EndGlobalSection
EndGlobal
