
Microsoft Visual Studio Solution File, Format Version 12.00
# Visual Studio Version 16
VisualStudioVersion = 16.0.31205.134
MinimumVisualStudioVersion = 10.0.40219.1
Project("{8BC9CEB8-8B4A-11D0-8D11-00A0C91BC942}") = "memcpy的模拟实现", "memcpy的模拟实现.vcxproj", "{55E12602-2466-4414-BC75-A29552222F7E}"
EndProject
Global
	GlobalSection(SolutionConfigurationPlatforms) = preSolution
		Debug|x64 = Debug|x64
		Debug|x86 = Debug|x86
		Release|x64 = Release|x64
		Release|x86 = Release|x86
	EndGlobalSection
	GlobalSection(ProjectConfigurationPlatforms) = postSolution
		{55E12602-2466-4414-BC75-A29552222F7E}.Debug|x64.ActiveCfg = Debug|x64
		{55E12602-2466-4414-BC75-A29552222F7E}.Debug|x64.Build.0 = Debug|x64
		{55E12602-2466-4414-BC75-A29552222F7E}.Debug|x86.ActiveCfg = Debug|Win32
		{55E12602-2466-4414-BC75-A29552222F7E}.Debug|x86.Build.0 = Debug|Win32
		{55E12602-2466-4414-BC75-A29552222F7E}.Release|x64.ActiveCfg = Release|x64
		{55E12602-2466-4414-BC75-A29552222F7E}.Release|x64.Build.0 = Release|x64
		{55E12602-2466-4414-BC75-A29552222F7E}.Release|x86.ActiveCfg = Release|Win32
		{55E12602-2466-4414-BC75-A29552222F7E}.Release|x86.Build.0 = Release|Win32
	EndGlobalSection
	GlobalSection(SolutionProperties) = preSolution
		HideSolutionNode = FALSE
	EndGlobalSection
	GlobalSection(ExtensibilityGlobals) = postSolution
		SolutionGuid = {58CEC8E5-BE89-4A71-9098-F8A87248288C}
	EndGlobalSection
EndGlobal
