
Microsoft Visual Studio Solution File, Format Version 12.00
# Visual Studio Version 16
VisualStudioVersion = 16.0.31205.134
MinimumVisualStudioVersion = 10.0.40219.1
Project("{8BC9CEB8-8B4A-11D0-8D11-00A0C91BC942}") = "等差数列", "等差数列.vcxproj", "{7E676AAC-D142-464B-A786-0D6F39230123}"
EndProject
Global
	GlobalSection(SolutionConfigurationPlatforms) = preSolution
		Debug|x64 = Debug|x64
		Debug|x86 = Debug|x86
		Release|x64 = Release|x64
		Release|x86 = Release|x86
	EndGlobalSection
	GlobalSection(ProjectConfigurationPlatforms) = postSolution
		{7E676AAC-D142-464B-A786-0D6F39230123}.Debug|x64.ActiveCfg = Debug|x64
		{7E676AAC-D142-464B-A786-0D6F39230123}.Debug|x64.Build.0 = Debug|x64
		{7E676AAC-D142-464B-A786-0D6F39230123}.Debug|x86.ActiveCfg = Debug|Win32
		{7E676AAC-D142-464B-A786-0D6F39230123}.Debug|x86.Build.0 = Debug|Win32
		{7E676AAC-D142-464B-A786-0D6F39230123}.Release|x64.ActiveCfg = Release|x64
		{7E676AAC-D142-464B-A786-0D6F39230123}.Release|x64.Build.0 = Release|x64
		{7E676AAC-D142-464B-A786-0D6F39230123}.Release|x86.ActiveCfg = Release|Win32
		{7E676AAC-D142-464B-A786-0D6F39230123}.Release|x86.Build.0 = Release|Win32
	EndGlobalSection
	GlobalSection(SolutionProperties) = preSolution
		HideSolutionNode = FALSE
	EndGlobalSection
	GlobalSection(ExtensibilityGlobals) = postSolution
		SolutionGuid = {E9494426-6E27-4CA6-92BB-B2CCAC6FBA4B}
	EndGlobalSection
EndGlobal
