
Microsoft Visual Studio Solution File, Format Version 12.00
# Visual Studio Version 16
VisualStudioVersion = 16.0.31205.134
MinimumVisualStudioVersion = 10.0.40219.1
Project("{8BC9CEB8-8B4A-11D0-8D11-00A0C91BC942}") = "二分法查找数字", "二分法查找数字.vcxproj", "{E07FD6EE-82B0-4EAA-8978-28E15FAD2E59}"
EndProject
Global
	GlobalSection(SolutionConfigurationPlatforms) = preSolution
		Debug|x64 = Debug|x64
		Debug|x86 = Debug|x86
		Release|x64 = Release|x64
		Release|x86 = Release|x86
	EndGlobalSection
	GlobalSection(ProjectConfigurationPlatforms) = postSolution
		{E07FD6EE-82B0-4EAA-8978-28E15FAD2E59}.Debug|x64.ActiveCfg = Debug|x64
		{E07FD6EE-82B0-4EAA-8978-28E15FAD2E59}.Debug|x64.Build.0 = Debug|x64
		{E07FD6EE-82B0-4EAA-8978-28E15FAD2E59}.Debug|x86.ActiveCfg = Debug|Win32
		{E07FD6EE-82B0-4EAA-8978-28E15FAD2E59}.Debug|x86.Build.0 = Debug|Win32
		{E07FD6EE-82B0-4EAA-8978-28E15FAD2E59}.Release|x64.ActiveCfg = Release|x64
		{E07FD6EE-82B0-4EAA-8978-28E15FAD2E59}.Release|x64.Build.0 = Release|x64
		{E07FD6EE-82B0-4EAA-8978-28E15FAD2E59}.Release|x86.ActiveCfg = Release|Win32
		{E07FD6EE-82B0-4EAA-8978-28E15FAD2E59}.Release|x86.Build.0 = Release|Win32
	EndGlobalSection
	GlobalSection(SolutionProperties) = preSolution
		HideSolutionNode = FALSE
	EndGlobalSection
	GlobalSection(ExtensibilityGlobals) = postSolution
		SolutionGuid = {9A196ED7-69E7-4C0F-B8D2-0A3E21C7EDE6}
	EndGlobalSection
EndGlobal
