
Microsoft Visual Studio Solution File, Format Version 12.00
# Visual Studio Version 16
VisualStudioVersion = 16.0.31205.134
MinimumVisualStudioVersion = 10.0.40219.1
Project("{8BC9CEB8-8B4A-11D0-8D11-00A0C91BC942}") = "记负均正", "记负均正.vcxproj", "{39FFC95A-66DC-4B60-964B-A22C6504E202}"
EndProject
Global
	GlobalSection(SolutionConfigurationPlatforms) = preSolution
		Debug|x64 = Debug|x64
		Debug|x86 = Debug|x86
		Release|x64 = Release|x64
		Release|x86 = Release|x86
	EndGlobalSection
	GlobalSection(ProjectConfigurationPlatforms) = postSolution
		{39FFC95A-66DC-4B60-964B-A22C6504E202}.Debug|x64.ActiveCfg = Debug|x64
		{39FFC95A-66DC-4B60-964B-A22C6504E202}.Debug|x64.Build.0 = Debug|x64
		{39FFC95A-66DC-4B60-964B-A22C6504E202}.Debug|x86.ActiveCfg = Debug|Win32
		{39FFC95A-66DC-4B60-964B-A22C6504E202}.Debug|x86.Build.0 = Debug|Win32
		{39FFC95A-66DC-4B60-964B-A22C6504E202}.Release|x64.ActiveCfg = Release|x64
		{39FFC95A-66DC-4B60-964B-A22C6504E202}.Release|x64.Build.0 = Release|x64
		{39FFC95A-66DC-4B60-964B-A22C6504E202}.Release|x86.ActiveCfg = Release|Win32
		{39FFC95A-66DC-4B60-964B-A22C6504E202}.Release|x86.Build.0 = Release|Win32
	EndGlobalSection
	GlobalSection(SolutionProperties) = preSolution
		HideSolutionNode = FALSE
	EndGlobalSection
	GlobalSection(ExtensibilityGlobals) = postSolution
		SolutionGuid = {233B9ECF-4A21-4BFF-94D2-0D5E805ACC29}
	EndGlobalSection
EndGlobal
