
Microsoft Visual Studio Solution File, Format Version 12.00
# Visual Studio Version 16
VisualStudioVersion = 16.0.31205.134
MinimumVisualStudioVersion = 10.0.40219.1
Project("{8BC9CEB8-8B4A-11D0-8D11-00A0C91BC942}") = "丰收", "丰收.vcxproj", "{6EB3F613-FA06-43F2-9758-7D77E6DC8CFB}"
EndProject
Global
	GlobalSection(SolutionConfigurationPlatforms) = preSolution
		Debug|x64 = Debug|x64
		Debug|x86 = Debug|x86
		Release|x64 = Release|x64
		Release|x86 = Release|x86
	EndGlobalSection
	GlobalSection(ProjectConfigurationPlatforms) = postSolution
		{6EB3F613-FA06-43F2-9758-7D77E6DC8CFB}.Debug|x64.ActiveCfg = Debug|x64
		{6EB3F613-FA06-43F2-9758-7D77E6DC8CFB}.Debug|x64.Build.0 = Debug|x64
		{6EB3F613-FA06-43F2-9758-7D77E6DC8CFB}.Debug|x86.ActiveCfg = Debug|Win32
		{6EB3F613-FA06-43F2-9758-7D77E6DC8CFB}.Debug|x86.Build.0 = Debug|Win32
		{6EB3F613-FA06-43F2-9758-7D77E6DC8CFB}.Release|x64.ActiveCfg = Release|x64
		{6EB3F613-FA06-43F2-9758-7D77E6DC8CFB}.Release|x64.Build.0 = Release|x64
		{6EB3F613-FA06-43F2-9758-7D77E6DC8CFB}.Release|x86.ActiveCfg = Release|Win32
		{6EB3F613-FA06-43F2-9758-7D77E6DC8CFB}.Release|x86.Build.0 = Release|Win32
	EndGlobalSection
	GlobalSection(SolutionProperties) = preSolution
		HideSolutionNode = FALSE
	EndGlobalSection
	GlobalSection(ExtensibilityGlobals) = postSolution
		SolutionGuid = {0A6DC869-FE50-4E36-8BC0-C847B028B3A5}
	EndGlobalSection
EndGlobal
