
Microsoft Visual Studio Solution File, Format Version 12.00
# Visual Studio Version 16
VisualStudioVersion = 16.0.31205.134
MinimumVisualStudioVersion = 10.0.40219.1
Project("{8BC9CEB8-8B4A-11D0-8D11-00A0C91BC942}") = "sizeof的各种使用", "sizeof的各种使用.vcxproj", "{9F834E1F-0E28-4DA8-9362-BE86E703A73A}"
EndProject
Global
	GlobalSection(SolutionConfigurationPlatforms) = preSolution
		Debug|x64 = Debug|x64
		Debug|x86 = Debug|x86
		Release|x64 = Release|x64
		Release|x86 = Release|x86
	EndGlobalSection
	GlobalSection(ProjectConfigurationPlatforms) = postSolution
		{9F834E1F-0E28-4DA8-9362-BE86E703A73A}.Debug|x64.ActiveCfg = Debug|x64
		{9F834E1F-0E28-4DA8-9362-BE86E703A73A}.Debug|x64.Build.0 = Debug|x64
		{9F834E1F-0E28-4DA8-9362-BE86E703A73A}.Debug|x86.ActiveCfg = Debug|Win32
		{9F834E1F-0E28-4DA8-9362-BE86E703A73A}.Debug|x86.Build.0 = Debug|Win32
		{9F834E1F-0E28-4DA8-9362-BE86E703A73A}.Release|x64.ActiveCfg = Release|x64
		{9F834E1F-0E28-4DA8-9362-BE86E703A73A}.Release|x64.Build.0 = Release|x64
		{9F834E1F-0E28-4DA8-9362-BE86E703A73A}.Release|x86.ActiveCfg = Release|Win32
		{9F834E1F-0E28-4DA8-9362-BE86E703A73A}.Release|x86.Build.0 = Release|Win32
	EndGlobalSection
	GlobalSection(SolutionProperties) = preSolution
		HideSolutionNode = FALSE
	EndGlobalSection
	GlobalSection(ExtensibilityGlobals) = postSolution
		SolutionGuid = {7192832F-2F35-4A93-A9ED-8A8683AB7305}
	EndGlobalSection
EndGlobal
