
Microsoft Visual Studio Solution File, Format Version 12.00
# Visual Studio Version 16
VisualStudioVersion = 16.0.31205.134
MinimumVisualStudioVersion = 10.0.40219.1
Project("{8BC9CEB8-8B4A-11D0-8D11-00A0C91BC942}") = "密码截取", "密码截取.vcxproj", "{969B8B61-CCF8-408F-B7FE-EB17ACDF76FD}"
EndProject
Global
	GlobalSection(SolutionConfigurationPlatforms) = preSolution
		Debug|x64 = Debug|x64
		Debug|x86 = Debug|x86
		Release|x64 = Release|x64
		Release|x86 = Release|x86
	EndGlobalSection
	GlobalSection(ProjectConfigurationPlatforms) = postSolution
		{969B8B61-CCF8-408F-B7FE-EB17ACDF76FD}.Debug|x64.ActiveCfg = Debug|x64
		{969B8B61-CCF8-408F-B7FE-EB17ACDF76FD}.Debug|x64.Build.0 = Debug|x64
		{969B8B61-CCF8-408F-B7FE-EB17ACDF76FD}.Debug|x86.ActiveCfg = Debug|Win32
		{969B8B61-CCF8-408F-B7FE-EB17ACDF76FD}.Debug|x86.Build.0 = Debug|Win32
		{969B8B61-CCF8-408F-B7FE-EB17ACDF76FD}.Release|x64.ActiveCfg = Release|x64
		{969B8B61-CCF8-408F-B7FE-EB17ACDF76FD}.Release|x64.Build.0 = Release|x64
		{969B8B61-CCF8-408F-B7FE-EB17ACDF76FD}.Release|x86.ActiveCfg = Release|Win32
		{969B8B61-CCF8-408F-B7FE-EB17ACDF76FD}.Release|x86.Build.0 = Release|Win32
	EndGlobalSection
	GlobalSection(SolutionProperties) = preSolution
		HideSolutionNode = FALSE
	EndGlobalSection
	GlobalSection(ExtensibilityGlobals) = postSolution
		SolutionGuid = {CF84F333-204A-40C5-A90C-F89A6E69F681}
	EndGlobalSection
EndGlobal
