
Microsoft Visual Studio Solution File, Format Version 12.00
# Visual Studio Version 16
VisualStudioVersion = 16.0.31205.134
MinimumVisualStudioVersion = 10.0.40219.1
Project("{8BC9CEB8-8B4A-11D0-8D11-00A0C91BC942}") = "求int型正整数在内存中存储时1的个数", "求int型正整数在内存中存储时1的个数.vcxproj", "{F65626F9-54D1-442E-B59C-F1C8424629BC}"
EndProject
Global
	GlobalSection(SolutionConfigurationPlatforms) = preSolution
		Debug|x64 = Debug|x64
		Debug|x86 = Debug|x86
		Release|x64 = Release|x64
		Release|x86 = Release|x86
	EndGlobalSection
	GlobalSection(ProjectConfigurationPlatforms) = postSolution
		{F65626F9-54D1-442E-B59C-F1C8424629BC}.Debug|x64.ActiveCfg = Debug|x64
		{F65626F9-54D1-442E-B59C-F1C8424629BC}.Debug|x64.Build.0 = Debug|x64
		{F65626F9-54D1-442E-B59C-F1C8424629BC}.Debug|x86.ActiveCfg = Debug|Win32
		{F65626F9-54D1-442E-B59C-F1C8424629BC}.Debug|x86.Build.0 = Debug|Win32
		{F65626F9-54D1-442E-B59C-F1C8424629BC}.Release|x64.ActiveCfg = Release|x64
		{F65626F9-54D1-442E-B59C-F1C8424629BC}.Release|x64.Build.0 = Release|x64
		{F65626F9-54D1-442E-B59C-F1C8424629BC}.Release|x86.ActiveCfg = Release|Win32
		{F65626F9-54D1-442E-B59C-F1C8424629BC}.Release|x86.Build.0 = Release|Win32
	EndGlobalSection
	GlobalSection(SolutionProperties) = preSolution
		HideSolutionNode = FALSE
	EndGlobalSection
	GlobalSection(ExtensibilityGlobals) = postSolution
		SolutionGuid = {19079E9F-761C-4AF4-BFFC-980ED7E1234F}
	EndGlobalSection
EndGlobal
